
Microsoft Visual Studio Solution File, Format Version 12.00
# Visual Studio Version 17
VisualStudioVersion = 17.12.35514.174 d17.12
MinimumVisualStudioVersion = 10.0.40219.1
Project("{FAE04EC0-301F-11D3-BF4B-00C04F79EFBC}") = "Depuracion telegrama 2.3", "Depuracion telegrama 2.3\Depuracion telegrama 2.3.csproj", "{6CFC083D-12C8-416D-A3AA-44B1EB153221}"
EndProject
Global
	GlobalSection(SolutionConfigurationPlatforms) = preSolution
		Debug|Any CPU = Debug|Any CPU
		Release|Any CPU = Release|Any CPU
	EndGlobalSection
	GlobalSection(ProjectConfigurationPlatforms) = postSolution
		{6CFC083D-12C8-416D-A3AA-44B1EB153221}.Debug|Any CPU.ActiveCfg = Debug|Any CPU
		{6CFC083D-12C8-416D-A3AA-44B1EB153221}.Debug|Any CPU.Build.0 = Debug|Any CPU
		{6CFC083D-12C8-416D-A3AA-44B1EB153221}.Release|Any CPU.ActiveCfg = Release|Any CPU
		{6CFC083D-12C8-416D-A3AA-44B1EB153221}.Release|Any CPU.Build.0 = Release|Any CPU
	EndGlobalSection
	GlobalSection(SolutionProperties) = preSolution
		HideSolutionNode = FALSE
	EndGlobalSection
EndGlobal
